
Microsoft Visual Studio Solution File, Format Version 12.00
# Visual Studio Version 16
VisualStudioVersion = 16.0.29709.97
MinimumVisualStudioVersion = 10.0.40219.1
Project("{FAE04EC0-301F-11D3-BF4B-00C04F79EFBC}") = "FinguAuth", "FinguAuth\FinguAuth.csproj", "{AB39AB4F-9CB8-47A0-B6A5-B6A24C78447E}"
EndProject
Global
	GlobalSection(SolutionConfigurationPlatforms) = preSolution
		Debug|Any CPU = Debug|Any CPU
		Release|Any CPU = Release|Any CPU
	EndGlobalSection
	GlobalSection(ProjectConfigurationPlatforms) = postSolution
		{AB39AB4F-9CB8-47A0-B6A5-B6A24C78447E}.Debug|Any CPU.ActiveCfg = Debug|Any CPU
		{AB39AB4F-9CB8-47A0-B6A5-B6A24C78447E}.Debug|Any CPU.Build.0 = Debug|Any CPU
		{AB39AB4F-9CB8-47A0-B6A5-B6A24C78447E}.Release|Any CPU.ActiveCfg = Release|Any CPU
		{AB39AB4F-9CB8-47A0-B6A5-B6A24C78447E}.Release|Any CPU.Build.0 = Release|Any CPU
	EndGlobalSection
	GlobalSection(SolutionProperties) = preSolution
		HideSolutionNode = FALSE
	EndGlobalSection
	GlobalSection(ExtensibilityGlobals) = postSolution
		SolutionGuid = {A87DF30A-EA7E-452C-BCD7-C04AD8DDE3AF}
	EndGlobalSection
EndGlobal
